
Microsoft Visual Studio Solution File, Format Version 12.00
# Visual Studio Version 17
VisualStudioVersion = 17.5.33516.290
MinimumVisualStudioVersion = 10.0.40219.1
Project("{9A19103F-16F7-4668-BE54-9A1E7A4F7556}") = "Levi9.CommerceSync", "Levi9.CommerceSync\Levi9.CommerceSync.csproj", "{8C0D5889-AD4B-4F34-BCF2-74C6040ACF7B}"
	ProjectSection(ProjectDependencies) = postProject
		{725D6F1D-7ACD-43D8-803E-1F91E1C36ECB} = {725D6F1D-7ACD-43D8-803E-1F91E1C36ECB}
	EndProjectSection
EndProject
Project("{9A19103F-16F7-4668-BE54-9A1E7A4F7556}") = "Levi9.CommerceSync.Domain", "Levi9.CommerceSync.Domain\Levi9.CommerceSync.Domain.csproj", "{725D6F1D-7ACD-43D8-803E-1F91E1C36ECB}"
EndProject
Project("{9A19103F-16F7-4668-BE54-9A1E7A4F7556}") = "Levi9.CommerceSync.Wokrer", "Levi9.CommerceSync.Wokrer\Levi9.CommerceSync.Wokrer.csproj", "{756754CD-EA91-4486-B349-27CFD0999C6B}"
	ProjectSection(ProjectDependencies) = postProject
		{725D6F1D-7ACD-43D8-803E-1F91E1C36ECB} = {725D6F1D-7ACD-43D8-803E-1F91E1C36ECB}
	EndProjectSection
EndProject
Project("{FAE04EC0-301F-11D3-BF4B-00C04F79EFBC}") = "Levi9.CommerceSync.UnitTests", "Levi9.CommerceSync.UnitTests\Levi9.CommerceSync.UnitTests.csproj", "{A1793443-8174-4743-A187-C96E551C4746}"
	ProjectSection(ProjectDependencies) = postProject
		{725D6F1D-7ACD-43D8-803E-1F91E1C36ECB} = {725D6F1D-7ACD-43D8-803E-1F91E1C36ECB}
		{756754CD-EA91-4486-B349-27CFD0999C6B} = {756754CD-EA91-4486-B349-27CFD0999C6B}
		{8C0D5889-AD4B-4F34-BCF2-74C6040ACF7B} = {8C0D5889-AD4B-4F34-BCF2-74C6040ACF7B}
	EndProjectSection
EndProject
Global
	GlobalSection(SolutionConfigurationPlatforms) = preSolution
		Debug|Any CPU = Debug|Any CPU
		Release|Any CPU = Release|Any CPU
	EndGlobalSection
	GlobalSection(ProjectConfigurationPlatforms) = postSolution
		{8C0D5889-AD4B-4F34-BCF2-74C6040ACF7B}.Debug|Any CPU.ActiveCfg = Debug|Any CPU
		{8C0D5889-AD4B-4F34-BCF2-74C6040ACF7B}.Debug|Any CPU.Build.0 = Debug|Any CPU
		{8C0D5889-AD4B-4F34-BCF2-74C6040ACF7B}.Release|Any CPU.ActiveCfg = Release|Any CPU
		{8C0D5889-AD4B-4F34-BCF2-74C6040ACF7B}.Release|Any CPU.Build.0 = Release|Any CPU
		{725D6F1D-7ACD-43D8-803E-1F91E1C36ECB}.Debug|Any CPU.ActiveCfg = Debug|Any CPU
		{725D6F1D-7ACD-43D8-803E-1F91E1C36ECB}.Debug|Any CPU.Build.0 = Debug|Any CPU
		{725D6F1D-7ACD-43D8-803E-1F91E1C36ECB}.Release|Any CPU.ActiveCfg = Release|Any CPU
		{725D6F1D-7ACD-43D8-803E-1F91E1C36ECB}.Release|Any CPU.Build.0 = Release|Any CPU
		{756754CD-EA91-4486-B349-27CFD0999C6B}.Debug|Any CPU.ActiveCfg = Debug|Any CPU
		{756754CD-EA91-4486-B349-27CFD0999C6B}.Debug|Any CPU.Build.0 = Debug|Any CPU
		{756754CD-EA91-4486-B349-27CFD0999C6B}.Release|Any CPU.ActiveCfg = Release|Any CPU
		{756754CD-EA91-4486-B349-27CFD0999C6B}.Release|Any CPU.Build.0 = Release|Any CPU
		{A1793443-8174-4743-A187-C96E551C4746}.Debug|Any CPU.ActiveCfg = Debug|Any CPU
		{A1793443-8174-4743-A187-C96E551C4746}.Debug|Any CPU.Build.0 = Debug|Any CPU
		{A1793443-8174-4743-A187-C96E551C4746}.Release|Any CPU.ActiveCfg = Release|Any CPU
		{A1793443-8174-4743-A187-C96E551C4746}.Release|Any CPU.Build.0 = Release|Any CPU
	EndGlobalSection
	GlobalSection(SolutionProperties) = preSolution
		HideSolutionNode = FALSE
	EndGlobalSection
	GlobalSection(ExtensibilityGlobals) = postSolution
		SolutionGuid = {DF671088-4DB3-46CD-8D20-C875D085B9CE}
	EndGlobalSection
EndGlobal
